// !$*UTF8*$!
{
	archiveVersion = 1;
	classes = {
	};
	objectVersion = 56;
	objects = {

/* Begin PBXBuildFile section */
		A6DD9A55297F196A002D4B07 /* CoffeeMastersApp.swift in Sources */ = {isa = PBXBuildFile; fileRef = A6DD9A54297F196A002D4B07 /* CoffeeMastersApp.swift */; };
		A6DD9A57297F196A002D4B07 /* ContentView.swift in Sources */ = {isa = PBXBuildFile; fileRef = A6DD9A56297F196A002D4B07 /* ContentView.swift */; };
		A6DD9A59297F196C002D4B07 /* Assets.xcassets in Resources */ = {isa = PBXBuildFile; fileRef = A6DD9A58297F196C002D4B07 /* Assets.xcassets */; };
		A6DD9A5C297F196C002D4B07 /* Preview Assets.xcassets in Resources */ = {isa = PBXBuildFile; fileRef = A6DD9A5B297F196C002D4B07 /* Preview Assets.xcassets */; };
		A6F4FBA22981974F00CBB72F /* Category.swift in Sources */ = {isa = PBXBuildFile; fileRef = A6F4FBA12981974F00CBB72F /* Category.swift */; };
		A6F4FBA42981977B00CBB72F /* Product.swift in Sources */ = {isa = PBXBuildFile; fileRef = A6F4FBA32981977B00CBB72F /* Product.swift */; };
		A6F4FBA629819A5B00CBB72F /* MenuManager.swift in Sources */ = {isa = PBXBuildFile; fileRef = A6F4FBA529819A5B00CBB72F /* MenuManager.swift */; };
		A6F4FBA829819A8100CBB72F /* CartManager.swift in Sources */ = {isa = PBXBuildFile; fileRef = A6F4FBA729819A8100CBB72F /* CartManager.swift */; };
		A6F4FBAA2981A48600CBB72F /* OrderItem.swift in Sources */ = {isa = PBXBuildFile; fileRef = A6F4FBA92981A48600CBB72F /* OrderItem.swift */; };
		A6F4FBAD2981A9DD00CBB72F /* Alamofire in Frameworks */ = {isa = PBXBuildFile; productRef = A6F4FBAC2981A9DD00CBB72F /* Alamofire */; };
		A6F7B54F298055FF00AEFE81 /* Offer.swift in Sources */ = {isa = PBXBuildFile; fileRef = A6F7B54E298055FF00AEFE81 /* Offer.swift */; };
		A6F7B55129806FD200AEFE81 /* OffersPage.swift in Sources */ = {isa = PBXBuildFile; fileRef = A6F7B55029806FD200AEFE81 /* OffersPage.swift */; };
		A6F7B555298076A500AEFE81 /* MenuPage.swift in Sources */ = {isa = PBXBuildFile; fileRef = A6F7B554298076A500AEFE81 /* MenuPage.swift */; };
		A6F7B557298076B000AEFE81 /* OrdersPage.swift in Sources */ = {isa = PBXBuildFile; fileRef = A6F7B556298076B000AEFE81 /* OrdersPage.swift */; };
		A6F7B559298076BB00AEFE81 /* InfoPage.swift in Sources */ = {isa = PBXBuildFile; fileRef = A6F7B558298076BB00AEFE81 /* InfoPage.swift */; };
		A6F7B55B298077C200AEFE81 /* Productitem.swift in Sources */ = {isa = PBXBuildFile; fileRef = A6F7B55A298077C100AEFE81 /* Productitem.swift */; };
		A6F7B55D29807A3400AEFE81 /* DetailsPage.swift in Sources */ = {isa = PBXBuildFile; fileRef = A6F7B55C29807A3400AEFE81 /* DetailsPage.swift */; };
/* End PBXBuildFile section */

/* Begin PBXFileReference section */
		A6DD9A51297F196A002D4B07 /* CoffeeMasters.app */ = {isa = PBXFileReference; explicitFileType = wrapper.application; includeInIndex = 0; path = CoffeeMasters.app; sourceTree = BUILT_PRODUCTS_DIR; };
		A6DD9A54297F196A002D4B07 /* CoffeeMastersApp.swift */ = {isa = PBXFileReference; lastKnownFileType = sourcecode.swift; path = CoffeeMastersApp.swift; sourceTree = "<group>"; };
		A6DD9A56297F196A002D4B07 /* ContentView.swift */ = {isa = PBXFileReference; lastKnownFileType = sourcecode.swift; path = ContentView.swift; sourceTree = "<group>"; };
		A6DD9A58297F196C002D4B07 /* Assets.xcassets */ = {isa = PBXFileReference; lastKnownFileType = folder.assetcatalog; path = Assets.xcassets; sourceTree = "<group>"; };
		A6DD9A5B297F196C002D4B07 /* Preview Assets.xcassets */ = {isa = PBXFileReference; lastKnownFileType = folder.assetcatalog; path = "Preview Assets.xcassets"; sourceTree = "<group>"; };
		A6F4FBA12981974F00CBB72F /* Category.swift */ = {isa = PBXFileReference; lastKnownFileType = sourcecode.swift; path = Category.swift; sourceTree = "<group>"; };
		A6F4FBA32981977B00CBB72F /* Product.swift */ = {isa = PBXFileReference; lastKnownFileType = sourcecode.swift; path = Product.swift; sourceTree = "<group>"; };
		A6F4FBA529819A5B00CBB72F /* MenuManager.swift */ = {isa = PBXFileReference; lastKnownFileType = sourcecode.swift; path = MenuManager.swift; sourceTree = "<group>"; };
		A6F4FBA729819A8100CBB72F /* CartManager.swift */ = {isa = PBXFileReference; lastKnownFileType = sourcecode.swift; path = CartManager.swift; sourceTree = "<group>"; };
		A6F4FBA92981A48600CBB72F /* OrderItem.swift */ = {isa = PBXFileReference; lastKnownFileType = sourcecode.swift; path = OrderItem.swift; sourceTree = "<group>"; };
		A6F7B54E298055FF00AEFE81 /* Offer.swift */ = {isa = PBXFileReference; lastKnownFileType = sourcecode.swift; path = Offer.swift; sourceTree = "<group>"; };
		A6F7B55029806FD200AEFE81 /* OffersPage.swift */ = {isa = PBXFileReference; lastKnownFileType = sourcecode.swift; path = OffersPage.swift; sourceTree = "<group>"; };
		A6F7B554298076A500AEFE81 /* MenuPage.swift */ = {isa = PBXFileReference; lastKnownFileType = sourcecode.swift; path = MenuPage.swift; sourceTree = "<group>"; };
		A6F7B556298076B000AEFE81 /* OrdersPage.swift */ = {isa = PBXFileReference; lastKnownFileType = sourcecode.swift; path = OrdersPage.swift; sourceTree = "<group>"; };
		A6F7B558298076BB00AEFE81 /* InfoPage.swift */ = {isa = PBXFileReference; lastKnownFileType = sourcecode.swift; path = InfoPage.swift; sourceTree = "<group>"; };
		A6F7B55A298077C100AEFE81 /* Productitem.swift */ = {isa = PBXFileReference; lastKnownFileType = sourcecode.swift; path = Productitem.swift; sourceTree = "<group>"; };
		A6F7B55C29807A3400AEFE81 /* DetailsPage.swift */ = {isa = PBXFileReference; lastKnownFileType = sourcecode.swift; path = DetailsPage.swift; sourceTree = "<group>"; };
/* End PBXFileReference section */

/* Begin PBXFrameworksBuildPhase section */
		A6DD9A4E297F196A002D4B07 /* Frameworks */ = {
			isa = PBXFrameworksBuildPhase;
			buildActionMask = 2147483647;
			files = (
				A6F4FBAD2981A9DD00CBB72F /* Alamofire in Frameworks */,
			);
			runOnlyForDeploymentPostprocessing = 0;
		};
/* End PBXFrameworksBuildPhase section */

/* Begin PBXGroup section */
		A606078C2981925300D116C9 /* Model */ = {
			isa = PBXGroup;
			children = (
				A6F4FBA12981974F00CBB72F /* Category.swift */,
				A6F4FBA32981977B00CBB72F /* Product.swift */,
				A6F4FBA529819A5B00CBB72F /* MenuManager.swift */,
				A6F4FBA729819A8100CBB72F /* CartManager.swift */,
			);
			path = Model;
			sourceTree = "<group>";
		};
		A6DD9A48297F196A002D4B07 = {
			isa = PBXGroup;
			children = (
				A6DD9A53297F196A002D4B07 /* CoffeeMasters */,
				A6DD9A52297F196A002D4B07 /* Products */,
			);
			sourceTree = "<group>";
		};
		A6DD9A52297F196A002D4B07 /* Products */ = {
			isa = PBXGroup;
			children = (
				A6DD9A51297F196A002D4B07 /* CoffeeMasters.app */,
			);
			name = Products;
			sourceTree = "<group>";
		};
		A6DD9A53297F196A002D4B07 /* CoffeeMasters */ = {
			isa = PBXGroup;
			children = (
				A606078C2981925300D116C9 /* Model */,
				A6F7B5532980766F00AEFE81 /* Page Views */,
				A6F7B5522980766200AEFE81 /* Views */,
				A6DD9A54297F196A002D4B07 /* CoffeeMastersApp.swift */,
				A6DD9A56297F196A002D4B07 /* ContentView.swift */,
				A6DD9A58297F196C002D4B07 /* Assets.xcassets */,
				A6DD9A5A297F196C002D4B07 /* Preview Content */,
			);
			path = CoffeeMasters;
			sourceTree = "<group>";
		};
		A6DD9A5A297F196C002D4B07 /* Preview Content */ = {
			isa = PBXGroup;
			children = (
				A6DD9A5B297F196C002D4B07 /* Preview Assets.xcassets */,
			);
			path = "Preview Content";
			sourceTree = "<group>";
		};
		A6F7B5522980766200AEFE81 /* Views */ = {
			isa = PBXGroup;
			children = (
				A6F7B54E298055FF00AEFE81 /* Offer.swift */,
				A6F7B55A298077C100AEFE81 /* Productitem.swift */,
				A6F4FBA92981A48600CBB72F /* OrderItem.swift */,
			);
			path = Views;
			sourceTree = "<group>";
		};
		A6F7B5532980766F00AEFE81 /* Page Views */ = {
			isa = PBXGroup;
			children = (
				A6F7B55029806FD200AEFE81 /* OffersPage.swift */,
				A6F7B554298076A500AEFE81 /* MenuPage.swift */,
				A6F7B556298076B000AEFE81 /* OrdersPage.swift */,
				A6F7B558298076BB00AEFE81 /* InfoPage.swift */,
				A6F7B55C29807A3400AEFE81 /* DetailsPage.swift */,
			);
			path = "Page Views";
			sourceTree = "<group>";
		};
/* End PBXGroup section */

/* Begin PBXNativeTarget section */
		A6DD9A50297F196A002D4B07 /* CoffeeMasters */ = {
			isa = PBXNativeTarget;
			buildConfigurationList = A6DD9A5F297F196C002D4B07 /* Build configuration list for PBXNativeTarget "CoffeeMasters" */;
			buildPhases = (
				A6DD9A4D297F196A002D4B07 /* Sources */,
				A6DD9A4E297F196A002D4B07 /* Frameworks */,
				A6DD9A4F297F196A002D4B07 /* Resources */,
			);
			buildRules = (
			);
			dependencies = (
			);
			name = CoffeeMasters;
			packageProductDependencies = (
				A6F4FBAC2981A9DD00CBB72F /* Alamofire */,
			);
			productName = CoffeeMasters;
			productReference = A6DD9A51297F196A002D4B07 /* CoffeeMasters.app */;
			productType = "com.apple.product-type.application";
		};
/* End PBXNativeTarget section */

/* Begin PBXProject section */
		A6DD9A49297F196A002D4B07 /* Project object */ = {
			isa = PBXProject;
			attributes = {
				BuildIndependentTargetsInParallel = 1;
				LastSwiftUpdateCheck = 1420;
				LastUpgradeCheck = 1420;
				TargetAttributes = {
					A6DD9A50297F196A002D4B07 = {
						CreatedOnToolsVersion = 14.2;
					};
				};
			};
			buildConfigurationList = A6DD9A4C297F196A002D4B07 /* Build configuration list for PBXProject "CoffeeMasters" */;
			compatibilityVersion = "Xcode 14.0";
			developmentRegion = en;
			hasScannedForEncodings = 0;
			knownRegions = (
				en,
				Base,
			);
			mainGroup = A6DD9A48297F196A002D4B07;
			packageReferences = (
				A6F4FBAB2981A9DD00CBB72F /* XCRemoteSwiftPackageReference "Alamofire" */,
			);
			productRefGroup = A6DD9A52297F196A002D4B07 /* Products */;
			projectDirPath = "";
			projectRoot = "";
			targets = (
				A6DD9A50297F196A002D4B07 /* CoffeeMasters */,
			);
		};
/* End PBXProject section */

/* Begin PBXResourcesBuildPhase section */
		A6DD9A4F297F196A002D4B07 /* Resources */ = {
			isa = PBXResourcesBuildPhase;
			buildActionMask = 2147483647;
			files = (
				A6DD9A5C297F196C002D4B07 /* Preview Assets.xcassets in Resources */,
				A6DD9A59297F196C002D4B07 /* Assets.xcassets in Resources */,
			);
			runOnlyForDeploymentPostprocessing = 0;
		};
/* End PBXResourcesBuildPhase section */

/* Begin PBXSourcesBuildPhase section */
		A6DD9A4D297F196A002D4B07 /* Sources */ = {
			isa = PBXSourcesBuildPhase;
			buildActionMask = 2147483647;
			files = (
				A6F4FBA629819A5B00CBB72F /* MenuManager.swift in Sources */,
				A6F4FBA829819A8100CBB72F /* CartManager.swift in Sources */,
				A6F7B54F298055FF00AEFE81 /* Offer.swift in Sources */,
				A6F4FBA22981974F00CBB72F /* Category.swift in Sources */,
				A6F7B55129806FD200AEFE81 /* OffersPage.swift in Sources */,
				A6F7B555298076A500AEFE81 /* MenuPage.swift in Sources */,
				A6F7B55D29807A3400AEFE81 /* DetailsPage.swift in Sources */,
				A6F4FBA42981977B00CBB72F /* Product.swift in Sources */,
				A6F7B559298076BB00AEFE81 /* InfoPage.swift in Sources */,
				A6F4FBAA2981A48600CBB72F /* OrderItem.swift in Sources */,
				A6F7B55B298077C200AEFE81 /* Productitem.swift in Sources */,
				A6DD9A57297F196A002D4B07 /* ContentView.swift in Sources */,
				A6F7B557298076B000AEFE81 /* OrdersPage.swift in Sources */,
				A6DD9A55297F196A002D4B07 /* CoffeeMastersApp.swift in Sources */,
			);
			runOnlyForDeploymentPostprocessing = 0;
		};
/* End PBXSourcesBuildPhase section */

/* Begin XCBuildConfiguration section */
		A6DD9A5D297F196C002D4B07 /* Debug */ = {
			isa = XCBuildConfiguration;
			buildSettings = {
				ALWAYS_SEARCH_USER_PATHS = NO;
				CLANG_ANALYZER_NONNULL = YES;
				CLANG_ANALYZER_NUMBER_OBJECT_CONVERSION = YES_AGGRESSIVE;
				CLANG_CXX_LANGUAGE_STANDARD = "gnu++20";
				CLANG_ENABLE_MODULES = YES;
				CLANG_ENABLE_OBJC_ARC = YES;
				CLANG_ENABLE_OBJC_WEAK = YES;
				CLANG_WARN_BLOCK_CAPTURE_AUTORELEASING = YES;
				CLANG_WARN_BOOL_CONVERSION = YES;
				CLANG_WARN_COMMA = YES;
				CLANG_WARN_CONSTANT_CONVERSION = YES;
				CLANG_WARN_DEPRECATED_OBJC_IMPLEMENTATIONS = YES;
				CLANG_WARN_DIRECT_OBJC_ISA_USAGE = YES_ERROR;
				CLANG_WARN_DOCUMENTATION_COMMENTS = YES;
				CLANG_WARN_EMPTY_BODY = YES;
				CLANG_WARN_ENUM_CONVERSION = YES;
				CLANG_WARN_INFINITE_RECURSION = YES;
				CLANG_WARN_INT_CONVERSION = YES;
				CLANG_WARN_NON_LITERAL_NULL_CONVERSION = YES;
				CLANG_WARN_OBJC_IMPLICIT_RETAIN_SELF = YES;
				CLANG_WARN_OBJC_LITERAL_CONVERSION = YES;
				CLANG_WARN_OBJC_ROOT_CLASS = YES_ERROR;
				CLANG_WARN_QUOTED_INCLUDE_IN_FRAMEWORK_HEADER = YES;
				CLANG_WARN_RANGE_LOOP_ANALYSIS = YES;
				CLANG_WARN_STRICT_PROTOTYPES = YES;
				CLANG_WARN_SUSPICIOUS_MOVE = YES;
				CLANG_WARN_UNGUARDED_AVAILABILITY = YES_AGGRESSIVE;
				CLANG_WARN_UNREACHABLE_CODE = YES;
				CLANG_WARN__DUPLICATE_METHOD_MATCH = YES;
				COPY_PHASE_STRIP = NO;
				DEBUG_INFORMATION_FORMAT = dwarf;
				ENABLE_STRICT_OBJC_MSGSEND = YES;
				ENABLE_TESTABILITY = YES;
				GCC_C_LANGUAGE_STANDARD = gnu11;
				GCC_DYNAMIC_NO_PIC = NO;
				GCC_NO_COMMON_BLOCKS = YES;
				GCC_OPTIMIZATION_LEVEL = 0;
				GCC_PREPROCESSOR_DEFINITIONS = (
					"DEBUG=1",
					"$(inherited)",
				);
				GCC_WARN_64_TO_32_BIT_CONVERSION = YES;
				GCC_WARN_ABOUT_RETURN_TYPE = YES_ERROR;
				GCC_WARN_UNDECLARED_SELECTOR = YES;
				GCC_WARN_UNINITIALIZED_AUTOS = YES_AGGRESSIVE;
				GCC_WARN_UNUSED_FUNCTION = YES;
				GCC_WARN_UNUSED_VARIABLE = YES;
				IPHONEOS_DEPLOYMENT_TARGET = 16.2;
				MTL_ENABLE_DEBUG_INFO = INCLUDE_SOURCE;
				MTL_FAST_MATH = YES;
				ONLY_ACTIVE_ARCH = YES;
				SDKROOT = iphoneos;
				SWIFT_ACTIVE_COMPILATION_CONDITIONS = DEBUG;
				SWIFT_OPTIMIZATION_LEVEL = "-Onone";
			};
			name = Debug;
		};
		A6DD9A5E297F196C002D4B07 /* Release */ = {
			isa = XCBuildConfiguration;
			buildSettings = {
				ALWAYS_SEARCH_USER_PATHS = NO;
				CLANG_ANALYZER_NONNULL = YES;
				CLANG_ANALYZER_NUMBER_OBJECT_CONVERSION = YES_AGGRESSIVE;
				CLANG_CXX_LANGUAGE_STANDARD = "gnu++20";
				CLANG_ENABLE_MODULES = YES;
				CLANG_ENABLE_OBJC_ARC = YES;
				CLANG_ENABLE_OBJC_WEAK = YES;
				CLANG_WARN_BLOCK_CAPTURE_AUTORELEASING = YES;
				CLANG_WARN_BOOL_CONVERSION = YES;
				CLANG_WARN_COMMA = YES;
				CLANG_WARN_CONSTANT_CONVERSION = YES;
				CLANG_WARN_DEPRECATED_OBJC_IMPLEMENTATIONS = YES;
				CLANG_WARN_DIRECT_OBJC_ISA_USAGE = YES_ERROR;
				CLANG_WARN_DOCUMENTATION_COMMENTS = YES;
				CLANG_WARN_EMPTY_BODY = YES;
				CLANG_WARN_ENUM_CONVERSION = YES;
				CLANG_WARN_INFINITE_RECURSION = YES;
				CLANG_WARN_INT_CONVERSION = YES;
				CLANG_WARN_NON_LITERAL_NULL_CONVERSION = YES;
				CLANG_WARN_OBJC_IMPLICIT_RETAIN_SELF = YES;
				CLANG_WARN_OBJC_LITERAL_CONVERSION = YES;
				CLANG_WARN_OBJC_ROOT_CLASS = YES_ERROR;
				CLANG_WARN_QUOTED_INCLUDE_IN_FRAMEWORK_HEADER = YES;
				CLANG_WARN_RANGE_LOOP_ANALYSIS = YES;
				CLANG_WARN_STRICT_PROTOTYPES = YES;
				CLANG_WARN_SUSPICIOUS_MOVE = YES;
				CLANG_WARN_UNGUARDED_AVAILABILITY = YES_AGGRESSIVE;
				CLANG_WARN_UNREACHABLE_CODE = YES;
				CLANG_WARN__DUPLICATE_METHOD_MATCH = YES;
				COPY_PHASE_STRIP = NO;
				DEBUG_INFORMATION_FORMAT = "dwarf-with-dsym";
				ENABLE_NS_ASSERTIONS = NO;
				ENABLE_STRICT_OBJC_MSGSEND = YES;
				GCC_C_LANGUAGE_STANDARD = gnu11;
				GCC_NO_COMMON_BLOCKS = YES;
				GCC_WARN_64_TO_32_BIT_CONVERSION = YES;
				GCC_WARN_ABOUT_RETURN_TYPE = YES_ERROR;
				GCC_WARN_UNDECLARED_SELECTOR = YES;
				GCC_WARN_UNINITIALIZED_AUTOS = YES_AGGRESSIVE;
				GCC_WARN_UNUSED_FUNCTION = YES;
				GCC_WARN_UNUSED_VARIABLE = YES;
				IPHONEOS_DEPLOYMENT_TARGET = 16.2;
				MTL_ENABLE_DEBUG_INFO = NO;
				MTL_FAST_MATH = YES;
				SDKROOT = iphoneos;
				SWIFT_COMPILATION_MODE = wholemodule;
				SWIFT_OPTIMIZATION_LEVEL = "-O";
				VALIDATE_PRODUCT = YES;
			};
			name = Release;
		};
		A6DD9A60297F196C002D4B07 /* Debug */ = {
			isa = XCBuildConfiguration;
			buildSettings = {
				ASSETCATALOG_COMPILER_APPICON_NAME = AppIcon;
				ASSETCATALOG_COMPILER_GLOBAL_ACCENT_COLOR_NAME = AccentColor;
				CODE_SIGN_STYLE = Automatic;
				CURRENT_PROJECT_VERSION = 1;
				DEVELOPMENT_ASSET_PATHS = "\"CoffeeMasters/Preview Content\"";
				ENABLE_PREVIEWS = YES;
				GENERATE_INFOPLIST_FILE = YES;
				INFOPLIST_KEY_UIApplicationSceneManifest_Generation = YES;
				INFOPLIST_KEY_UIApplicationSupportsIndirectInputEvents = YES;
				INFOPLIST_KEY_UILaunchScreen_Generation = YES;
				INFOPLIST_KEY_UISupportedInterfaceOrientations_iPad = "UIInterfaceOrientationPortrait UIInterfaceOrientationPortraitUpsideDown UIInterfaceOrientationLandscapeLeft UIInterfaceOrientationLandscapeRight";
				INFOPLIST_KEY_UISupportedInterfaceOrientations_iPhone = "UIInterfaceOrientationPortrait UIInterfaceOrientationLandscapeLeft UIInterfaceOrientationLandscapeRight";
				LD_RUNPATH_SEARCH_PATHS = (
					"$(inherited)",
					"@executable_path/Frameworks",
				);
				MARKETING_VERSION = 1.0;
				PRODUCT_BUNDLE_IDENTIFIER = com.frontendmasters.workshop.CoffeeMasters;
				PRODUCT_NAME = "$(TARGET_NAME)";
				SWIFT_EMIT_LOC_STRINGS = YES;
				SWIFT_VERSION = 5.0;
				TARGETED_DEVICE_FAMILY = "1,2";
			};
			name = Debug;
		};
		A6DD9A61297F196C002D4B07 /* Release */ = {
			isa = XCBuildConfiguration;
			buildSettings = {
				ASSETCATALOG_COMPILER_APPICON_NAME = AppIcon;
				ASSETCATALOG_COMPILER_GLOBAL_ACCENT_COLOR_NAME = AccentColor;
				CODE_SIGN_STYLE = Automatic;
				CURRENT_PROJECT_VERSION = 1;
				DEVELOPMENT_ASSET_PATHS = "\"CoffeeMasters/Preview Content\"";
				ENABLE_PREVIEWS = YES;
				GENERATE_INFOPLIST_FILE = YES;
				INFOPLIST_KEY_UIApplicationSceneManifest_Generation = YES;
				INFOPLIST_KEY_UIApplicationSupportsIndirectInputEvents = YES;
				INFOPLIST_KEY_UILaunchScreen_Generation = YES;
				INFOPLIST_KEY_UISupportedInterfaceOrientations_iPad = "UIInterfaceOrientationPortrait UIInterfaceOrientationPortraitUpsideDown UIInterfaceOrientationLandscapeLeft UIInterfaceOrientationLandscapeRight";
				INFOPLIST_KEY_UISupportedInterfaceOrientations_iPhone = "UIInterfaceOrientationPortrait UIInterfaceOrientationLandscapeLeft UIInterfaceOrientationLandscapeRight";
				LD_RUNPATH_SEARCH_PATHS = (
					"$(inherited)",
					"@executable_path/Frameworks",
				);
				MARKETING_VERSION = 1.0;
				PRODUCT_BUNDLE_IDENTIFIER = com.frontendmasters.workshop.CoffeeMasters;
				PRODUCT_NAME = "$(TARGET_NAME)";
				SWIFT_EMIT_LOC_STRINGS = YES;
				SWIFT_VERSION = 5.0;
				TARGETED_DEVICE_FAMILY = "1,2";
			};
			name = Release;
		};
/* End XCBuildConfiguration section */

/* Begin XCConfigurationList section */
		A6DD9A4C297F196A002D4B07 /* Build configuration list for PBXProject "CoffeeMasters" */ = {
			isa = XCConfigurationList;
			buildConfigurations = (
				A6DD9A5D297F196C002D4B07 /* Debug */,
				A6DD9A5E297F196C002D4B07 /* Release */,
			);
			defaultConfigurationIsVisible = 0;
			defaultConfigurationName = Release;
		};
		A6DD9A5F297F196C002D4B07 /* Build configuration list for PBXNativeTarget "CoffeeMasters" */ = {
			isa = XCConfigurationList;
			buildConfigurations = (
				A6DD9A60297F196C002D4B07 /* Debug */,
				A6DD9A61297F196C002D4B07 /* Release */,
			);
			defaultConfigurationIsVisible = 0;
			defaultConfigurationName = Release;
		};
/* End XCConfigurationList section */

/* Begin XCRemoteSwiftPackageReference section */
		A6F4FBAB2981A9DD00CBB72F /* XCRemoteSwiftPackageReference "Alamofire" */ = {
			isa = XCRemoteSwiftPackageReference;
			repositoryURL = "https://github.com/Alamofire/Alamofire.git";
			requirement = {
				kind = upToNextMajorVersion;
				minimumVersion = 5.0.0;
			};
		};
/* End XCRemoteSwiftPackageReference section */

/* Begin XCSwiftPackageProductDependency section */
		A6F4FBAC2981A9DD00CBB72F /* Alamofire */ = {
			isa = XCSwiftPackageProductDependency;
			package = A6F4FBAB2981A9DD00CBB72F /* XCRemoteSwiftPackageReference "Alamofire" */;
			productName = Alamofire;
		};
/* End XCSwiftPackageProductDependency section */
	};
	rootObject = A6DD9A49297F196A002D4B07 /* Project object */;
}
